Microsoft Visual Studio Solution File, Format Version 12.00
# Visual Studio Version 17
VisualStudioVersion = 17.5.2.0
MinimumVisualStudioVersion = 10.0.40219.1
Project("{2150E333-8FDC-42A3-9474-1A3956D46DE8}") = "NewEngine", "NewEngine", "{31D639CF-0A2B-F412-B8ED-59388368EF72}"
EndProject
Project("{2150E333-8FDC-42A3-9474-1A3956D46DE8}") = "src", "src", "{4CF54BD5-E78A-ED3E-717D-0E8F47B60896}"
EndProject
Project("{2150E333-8FDC-42A3-9474-1A3956D46DE8}") = "csharp", "csharp", "{7FAB865F-F0D2-C15C-495A-FB0DA632932E}"
EndProject
Project("{FAE04EC0-301F-11D3-BF4B-00C04F79EFBC}") = "NewGerador", "NewEngine\src\csharp\NewGerador.csproj", "{1C71B0C1-CD4A-4CB2-3E2B-9FC0FBBD5FEC}"
EndProject
Global
	GlobalSection(SolutionConfigurationPlatforms) = preSolution
		Debug|Any CPU = Debug|Any CPU
		Release|Any CPU = Release|Any CPU
	EndGlobalSection
	GlobalSection(ProjectConfigurationPlatforms) = postSolution
		{1C71B0C1-CD4A-4CB2-3E2B-9FC0FBBD5FEC}.Debug|Any CPU.ActiveCfg = Debug|Any CPU
		{1C71B0C1-CD4A-4CB2-3E2B-9FC0FBBD5FEC}.Debug|Any CPU.Build.0 = Debug|Any CPU
		{1C71B0C1-CD4A-4CB2-3E2B-9FC0FBBD5FEC}.Release|Any CPU.ActiveCfg = Release|Any CPU
		{1C71B0C1-CD4A-4CB2-3E2B-9FC0FBBD5FEC}.Release|Any CPU.Build.0 = Release|Any CPU
	EndGlobalSection
	GlobalSection(SolutionProperties) = preSolution
		HideSolutionNode = FALSE
	EndGlobalSection
	GlobalSection(NestedProjects) = preSolution
		{4CF54BD5-E78A-ED3E-717D-0E8F47B60896} = {31D639CF-0A2B-F412-B8ED-59388368EF72}
		{7FAB865F-F0D2-C15C-495A-FB0DA632932E} = {4CF54BD5-E78A-ED3E-717D-0E8F47B60896}
		{1C71B0C1-CD4A-4CB2-3E2B-9FC0FBBD5FEC} = {7FAB865F-F0D2-C15C-495A-FB0DA632932E}
	EndGlobalSection
	GlobalSection(ExtensibilityGlobals) = postSolution
		SolutionGuid = {E84AA22A-2216-4AE9-B649-6A64C8B65676}
	EndGlobalSection
EndGlobal
